
Microsoft Visual Studio Solution File, Format Version 12.00
# Visual Studio Version 17
VisualStudioVersion = 17.14.36616.10 d17.14
MinimumVisualStudioVersion = 10.0.40219.1
Project("{8BC9CEB8-8B4A-11D0-8D11-00A0C91BC942}") = "Giri", "Giri\Giri.vcxproj", "{380D191A-ECB6-4C6A-88CF-5C6BC9843435}"
EndProject
Global
	GlobalSection(SolutionConfigurationPlatforms) = preSolution
		Debug|x64 = Debug|x64
		Debug|x86 = Debug|x86
		Release|x64 = Release|x64
		Release|x86 = Release|x86
	EndGlobalSection
	GlobalSection(ProjectConfigurationPlatforms) = postSolution
		{380D191A-ECB6-4C6A-88CF-5C6BC9843435}.Debug|x64.ActiveCfg = Debug|x64
		{380D191A-ECB6-4C6A-88CF-5C6BC9843435}.Debug|x64.Build.0 = Debug|x64
		{380D191A-ECB6-4C6A-88CF-5C6BC9843435}.Debug|x86.ActiveCfg = Debug|Win32
		{380D191A-ECB6-4C6A-88CF-5C6BC9843435}.Debug|x86.Build.0 = Debug|Win32
		{380D191A-ECB6-4C6A-88CF-5C6BC9843435}.Release|x64.ActiveCfg = Release|x64
		{380D191A-ECB6-4C6A-88CF-5C6BC9843435}.Release|x64.Build.0 = Release|x64
		{380D191A-ECB6-4C6A-88CF-5C6BC9843435}.Release|x86.ActiveCfg = Release|Win32
		{380D191A-ECB6-4C6A-88CF-5C6BC9843435}.Release|x86.Build.0 = Release|Win32
	EndGlobalSection
	GlobalSection(SolutionProperties) = preSolution
		HideSolutionNode = FALSE
	EndGlobalSection
	GlobalSection(ExtensibilityGlobals) = postSolution
		SolutionGuid = {35D22ED4-9085-4D5B-B262-1EED2884A3A4}
	EndGlobalSection
EndGlobal
