
Microsoft Visual Studio Solution File, Format Version 12.00
# Visual Studio Version 17
VisualStudioVersion = 17.14.36616.10 d17.14
MinimumVisualStudioVersion = 10.0.40219.1
Project("{8BC9CEB8-8B4A-11D0-8D11-00A0C91BC942}") = "Задачи на рекурсию 4", "Задачи на рекурсию 4\Задачи на рекурсию 4.vcxproj", "{85DEA800-C08A-4B09-AF79-78C6325F63CC}"
EndProject
Global
	GlobalSection(SolutionConfigurationPlatforms) = preSolution
		Debug|x64 = Debug|x64
		Debug|x86 = Debug|x86
		Release|x64 = Release|x64
		Release|x86 = Release|x86
	EndGlobalSection
	GlobalSection(ProjectConfigurationPlatforms) = postSolution
		{85DEA800-C08A-4B09-AF79-78C6325F63CC}.Debug|x64.ActiveCfg = Debug|x64
		{85DEA800-C08A-4B09-AF79-78C6325F63CC}.Debug|x64.Build.0 = Debug|x64
		{85DEA800-C08A-4B09-AF79-78C6325F63CC}.Debug|x86.ActiveCfg = Debug|Win32
		{85DEA800-C08A-4B09-AF79-78C6325F63CC}.Debug|x86.Build.0 = Debug|Win32
		{85DEA800-C08A-4B09-AF79-78C6325F63CC}.Release|x64.ActiveCfg = Release|x64
		{85DEA800-C08A-4B09-AF79-78C6325F63CC}.Release|x64.Build.0 = Release|x64
		{85DEA800-C08A-4B09-AF79-78C6325F63CC}.Release|x86.ActiveCfg = Release|Win32
		{85DEA800-C08A-4B09-AF79-78C6325F63CC}.Release|x86.Build.0 = Release|Win32
	EndGlobalSection
	GlobalSection(SolutionProperties) = preSolution
		HideSolutionNode = FALSE
	EndGlobalSection
	GlobalSection(ExtensibilityGlobals) = postSolution
		SolutionGuid = {041A7346-AAAE-4101-9729-057A0FB4A862}
	EndGlobalSection
EndGlobal
